
Microsoft Visual Studio Solution File, Format Version 12.00
# Visual Studio Version 17
VisualStudioVersion = 17.14.36408.4
MinimumVisualStudioVersion = 10.0.40219.1
Project("{2150E333-8FDC-42A3-9474-1A3956D46DE8}") = "src", "src", "{02EA681E-C7D8-13C7-8484-4AC65E1B71E8}"
EndProject
Project("{2150E333-8FDC-42A3-9474-1A3956D46DE8}") = "tests", "tests", "{7AC2D55A-046A-4A5E-B191-CC9D586BCFFE}"
EndProject
Project("{FAE04EC0-301F-11D3-BF4B-00C04F79EFBC}") = "Chidelu.Integration.Messaging.RabbitMQ.Core", "src\Chidelu.Integration.Messaging.RabbitMQ.Core\Chidelu.Integration.Messaging.RabbitMQ.Core.csproj", "{950E59F5-6252-5C5B-DFC0-92898BCC27D3}"
EndProject
Project("{FAE04EC0-301F-11D3-BF4B-00C04F79EFBC}") = "Chidelu.Integration.Messaging.RabbitMQ.Publisher", "src\Chidelu.Integration.Messaging.RabbitMQ.Publisher\Chidelu.Integration.Messaging.RabbitMQ.Publisher.csproj", "{CD07428A-64CE-4EBF-B563-E01575656F4D}"
EndProject
Project("{FAE04EC0-301F-11D3-BF4B-00C04F79EFBC}") = "Chidelu.Integration.Messaging.RabbitMQ.Consumer", "src\Chidelu.Integration.Messaging.RabbitMQ.Consumer\Chidelu.Integration.Messaging.RabbitMQ.Consumer.csproj", "{856C7B1C-D739-4E2D-B3FB-11DE258253E4}"
EndProject
Project("{2150E333-8FDC-42A3-9474-1A3956D46DE8}") = "unit", "unit", "{F01949F2-0A69-4621-B593-8BBC1ABC7C85}"
EndProject
Project("{FAE04EC0-301F-11D3-BF4B-00C04F79EFBC}") = "Wicrypt.Integration.Messages.RabbitMQ.Core.Tests.Unit", "tests\unit\Wicrypt.Integration.Messages.RabbitMQ.Core.Tests.Unit\Wicrypt.Integration.Messages.RabbitMQ.Core.Tests.Unit.csproj", "{35BC1417-417C-4EBD-9884-089ED08B0350}"
EndProject
Project("{2150E333-8FDC-42A3-9474-1A3956D46DE8}") = "pipelines", "pipelines", "{E5BE0A76-1DC9-460A-ACE2-6AE586D16DD0}"
EndProject
Project("{FAE04EC0-301F-11D3-BF4B-00C04F79EFBC}") = "Chidelu.Integration.Messaging.RabbitMQ.Publisher.Tests.Unit", "tests\unit\Chidelu.Integration.Messaging.RabbitMQ.Publisher.Tests.Unit\Chidelu.Integration.Messaging.RabbitMQ.Publisher.Tests.Unit.csproj", "{EE693C5C-76E8-48F4-A306-49533ECF13F0}"
EndProject
Project("{FAE04EC0-301F-11D3-BF4B-00C04F79EFBC}") = "Chidelu.Integration.Messaging.RabbitMQ.Consumer.Tests.Unit", "tests\unit\Chidelu.Integration.Messaging.RabbitMQ.Consumer.Tests.Unit\Chidelu.Integration.Messaging.RabbitMQ.Consumer.Tests.Unit.csproj", "{AE3B4D25-5F3D-4CA0-9A3C-5F3364ED8E25}"
EndProject
Project("{2150E333-8FDC-42A3-9474-1A3956D46DE8}") = "integration", "integration", "{B420475F-90AA-A9C6-B72C-BA606CCB6829}"
EndProject
Project("{FAE04EC0-301F-11D3-BF4B-00C04F79EFBC}") = "Chidelu.Integration.Messaging.RabbitMQ.IntegrationTests", "tests\integration\Chidelu.Integration.Messaging.RabbitMQ.IntegrationTests\Chidelu.Integration.Messaging.RabbitMQ.IntegrationTests.csproj", "{0FE63316-D2F1-4074-8983-23B0DC9FB1CA}"
EndProject
Project("{2150E333-8FDC-42A3-9474-1A3956D46DE8}") = "samples", "samples", "{5D20AA90-6969-D8BD-9DCD-8634F4692FDA}"
EndProject
Project("{FAE04EC0-301F-11D3-BF4B-00C04F79EFBC}") = "Chidelu.Integration.Messaging.RabbitMQ.Samples.Contracts", "samples\Chidelu.Integration.Messaging.RabbitMQ.Samples.Contracts\Chidelu.Integration.Messaging.RabbitMQ.Samples.Contracts.csproj", "{4C63B552-096E-476E-8E6F-A1277D61F822}"
EndProject
Project("{FAE04EC0-301F-11D3-BF4B-00C04F79EFBC}") = "Chidelu.Integration.Messaging.RabbitMQ.Samples.Api", "samples\Chidelu.Integration.Messaging.RabbitMQ.Samples.Api\Chidelu.Integration.Messaging.RabbitMQ.Samples.Api.csproj", "{22462DB9-CCE7-4D0A-87E2-FB3E6B25769C}"
EndProject
Project("{FAE04EC0-301F-11D3-BF4B-00C04F79EFBC}") = "Chidelu.Integration.Messaging.RabbitMQ.Samples.Worker", "samples\Chidelu.Integration.Messaging.RabbitMQ.Samples.Worker\Chidelu.Integration.Messaging.RabbitMQ.Samples.Worker.csproj", "{86F339A5-9CD3-42D1-AA6B-046B2957ECA7}"
EndProject
Global
	GlobalSection(SolutionConfigurationPlatforms) = preSolution
		Debug|Any CPU = Debug|Any CPU
		Debug|x64 = Debug|x64
		Debug|x86 = Debug|x86
		Release|Any CPU = Release|Any CPU
		Release|x64 = Release|x64
		Release|x86 = Release|x86
	EndGlobalSection
	GlobalSection(ProjectConfigurationPlatforms) = postSolution
		{950E59F5-6252-5C5B-DFC0-92898BCC27D3}.Debug|Any CPU.ActiveCfg = Debug|Any CPU
		{950E59F5-6252-5C5B-DFC0-92898BCC27D3}.Debug|Any CPU.Build.0 = Debug|Any CPU
		{950E59F5-6252-5C5B-DFC0-92898BCC27D3}.Debug|x64.ActiveCfg = Debug|Any CPU
		{950E59F5-6252-5C5B-DFC0-92898BCC27D3}.Debug|x64.Build.0 = Debug|Any CPU
		{950E59F5-6252-5C5B-DFC0-92898BCC27D3}.Debug|x86.ActiveCfg = Debug|Any CPU
		{950E59F5-6252-5C5B-DFC0-92898BCC27D3}.Debug|x86.Build.0 = Debug|Any CPU
		{950E59F5-6252-5C5B-DFC0-92898BCC27D3}.Release|Any CPU.ActiveCfg = Release|Any CPU
		{950E59F5-6252-5C5B-DFC0-92898BCC27D3}.Release|Any CPU.Build.0 = Release|Any CPU
		{950E59F5-6252-5C5B-DFC0-92898BCC27D3}.Release|x64.ActiveCfg = Release|Any CPU
		{950E59F5-6252-5C5B-DFC0-92898BCC27D3}.Release|x64.Build.0 = Release|Any CPU
		{950E59F5-6252-5C5B-DFC0-92898BCC27D3}.Release|x86.ActiveCfg = Release|Any CPU
		{950E59F5-6252-5C5B-DFC0-92898BCC27D3}.Release|x86.Build.0 = Release|Any CPU
		{CD07428A-64CE-4EBF-B563-E01575656F4D}.Debug|Any CPU.ActiveCfg = Debug|Any CPU
		{CD07428A-64CE-4EBF-B563-E01575656F4D}.Debug|Any CPU.Build.0 = Debug|Any CPU
		{CD07428A-64CE-4EBF-B563-E01575656F4D}.Debug|x64.ActiveCfg = Debug|Any CPU
		{CD07428A-64CE-4EBF-B563-E01575656F4D}.Debug|x64.Build.0 = Debug|Any CPU
		{CD07428A-64CE-4EBF-B563-E01575656F4D}.Debug|x86.ActiveCfg = Debug|Any CPU
		{CD07428A-64CE-4EBF-B563-E01575656F4D}.Debug|x86.Build.0 = Debug|Any CPU
		{CD07428A-64CE-4EBF-B563-E01575656F4D}.Release|Any CPU.ActiveCfg = Release|Any CPU
		{CD07428A-64CE-4EBF-B563-E01575656F4D}.Release|Any CPU.Build.0 = Release|Any CPU
		{CD07428A-64CE-4EBF-B563-E01575656F4D}.Release|x64.ActiveCfg = Release|Any CPU
		{CD07428A-64CE-4EBF-B563-E01575656F4D}.Release|x64.Build.0 = Release|Any CPU
		{CD07428A-64CE-4EBF-B563-E01575656F4D}.Release|x86.ActiveCfg = Release|Any CPU
		{CD07428A-64CE-4EBF-B563-E01575656F4D}.Release|x86.Build.0 = Release|Any CPU
		{856C7B1C-D739-4E2D-B3FB-11DE258253E4}.Debug|Any CPU.ActiveCfg = Debug|Any CPU
		{856C7B1C-D739-4E2D-B3FB-11DE258253E4}.Debug|Any CPU.Build.0 = Debug|Any CPU
		{856C7B1C-D739-4E2D-B3FB-11DE258253E4}.Debug|x64.ActiveCfg = Debug|Any CPU
		{856C7B1C-D739-4E2D-B3FB-11DE258253E4}.Debug|x64.Build.0 = Debug|Any CPU
		{856C7B1C-D739-4E2D-B3FB-11DE258253E4}.Debug|x86.ActiveCfg = Debug|Any CPU
		{856C7B1C-D739-4E2D-B3FB-11DE258253E4}.Debug|x86.Build.0 = Debug|Any CPU
		{856C7B1C-D739-4E2D-B3FB-11DE258253E4}.Release|Any CPU.ActiveCfg = Release|Any CPU
		{856C7B1C-D739-4E2D-B3FB-11DE258253E4}.Release|Any CPU.Build.0 = Release|Any CPU
		{856C7B1C-D739-4E2D-B3FB-11DE258253E4}.Release|x64.ActiveCfg = Release|Any CPU
		{856C7B1C-D739-4E2D-B3FB-11DE258253E4}.Release|x64.Build.0 = Release|Any CPU
		{856C7B1C-D739-4E2D-B3FB-11DE258253E4}.Release|x86.ActiveCfg = Release|Any CPU
		{856C7B1C-D739-4E2D-B3FB-11DE258253E4}.Release|x86.Build.0 = Release|Any CPU
		{35BC1417-417C-4EBD-9884-089ED08B0350}.Debug|Any CPU.ActiveCfg = Debug|Any CPU
		{35BC1417-417C-4EBD-9884-089ED08B0350}.Debug|Any CPU.Build.0 = Debug|Any CPU
		{35BC1417-417C-4EBD-9884-089ED08B0350}.Debug|x64.ActiveCfg = Debug|Any CPU
		{35BC1417-417C-4EBD-9884-089ED08B0350}.Debug|x64.Build.0 = Debug|Any CPU
		{35BC1417-417C-4EBD-9884-089ED08B0350}.Debug|x86.ActiveCfg = Debug|Any CPU
		{35BC1417-417C-4EBD-9884-089ED08B0350}.Debug|x86.Build.0 = Debug|Any CPU
		{35BC1417-417C-4EBD-9884-089ED08B0350}.Release|Any CPU.ActiveCfg = Release|Any CPU
		{35BC1417-417C-4EBD-9884-089ED08B0350}.Release|Any CPU.Build.0 = Release|Any CPU
		{35BC1417-417C-4EBD-9884-089ED08B0350}.Release|x64.ActiveCfg = Release|Any CPU
		{35BC1417-417C-4EBD-9884-089ED08B0350}.Release|x64.Build.0 = Release|Any CPU
		{35BC1417-417C-4EBD-9884-089ED08B0350}.Release|x86.ActiveCfg = Release|Any CPU
		{35BC1417-417C-4EBD-9884-089ED08B0350}.Release|x86.Build.0 = Release|Any CPU
		{EE693C5C-76E8-48F4-A306-49533ECF13F0}.Debug|Any CPU.ActiveCfg = Debug|Any CPU
		{EE693C5C-76E8-48F4-A306-49533ECF13F0}.Debug|Any CPU.Build.0 = Debug|Any CPU
		{EE693C5C-76E8-48F4-A306-49533ECF13F0}.Debug|x64.ActiveCfg = Debug|Any CPU
		{EE693C5C-76E8-48F4-A306-49533ECF13F0}.Debug|x64.Build.0 = Debug|Any CPU
		{EE693C5C-76E8-48F4-A306-49533ECF13F0}.Debug|x86.ActiveCfg = Debug|Any CPU
		{EE693C5C-76E8-48F4-A306-49533ECF13F0}.Debug|x86.Build.0 = Debug|Any CPU
		{EE693C5C-76E8-48F4-A306-49533ECF13F0}.Release|Any CPU.ActiveCfg = Release|Any CPU
		{EE693C5C-76E8-48F4-A306-49533ECF13F0}.Release|Any CPU.Build.0 = Release|Any CPU
		{EE693C5C-76E8-48F4-A306-49533ECF13F0}.Release|x64.ActiveCfg = Release|Any CPU
		{EE693C5C-76E8-48F4-A306-49533ECF13F0}.Release|x64.Build.0 = Release|Any CPU
		{EE693C5C-76E8-48F4-A306-49533ECF13F0}.Release|x86.ActiveCfg = Release|Any CPU
		{EE693C5C-76E8-48F4-A306-49533ECF13F0}.Release|x86.Build.0 = Release|Any CPU
		{AE3B4D25-5F3D-4CA0-9A3C-5F3364ED8E25}.Debug|Any CPU.ActiveCfg = Debug|Any CPU
		{AE3B4D25-5F3D-4CA0-9A3C-5F3364ED8E25}.Debug|Any CPU.Build.0 = Debug|Any CPU
		{AE3B4D25-5F3D-4CA0-9A3C-5F3364ED8E25}.Debug|x64.ActiveCfg = Debug|Any CPU
		{AE3B4D25-5F3D-4CA0-9A3C-5F3364ED8E25}.Debug|x64.Build.0 = Debug|Any CPU
		{AE3B4D25-5F3D-4CA0-9A3C-5F3364ED8E25}.Debug|x86.ActiveCfg = Debug|Any CPU
		{AE3B4D25-5F3D-4CA0-9A3C-5F3364ED8E25}.Debug|x86.Build.0 = Debug|Any CPU
		{AE3B4D25-5F3D-4CA0-9A3C-5F3364ED8E25}.Release|Any CPU.ActiveCfg = Release|Any CPU
		{AE3B4D25-5F3D-4CA0-9A3C-5F3364ED8E25}.Release|Any CPU.Build.0 = Release|Any CPU
		{AE3B4D25-5F3D-4CA0-9A3C-5F3364ED8E25}.Release|x64.ActiveCfg = Release|Any CPU
		{AE3B4D25-5F3D-4CA0-9A3C-5F3364ED8E25}.Release|x64.Build.0 = Release|Any CPU
		{AE3B4D25-5F3D-4CA0-9A3C-5F3364ED8E25}.Release|x86.ActiveCfg = Release|Any CPU
		{AE3B4D25-5F3D-4CA0-9A3C-5F3364ED8E25}.Release|x86.Build.0 = Release|Any CPU
		{0FE63316-D2F1-4074-8983-23B0DC9FB1CA}.Debug|Any CPU.ActiveCfg = Debug|Any CPU
		{0FE63316-D2F1-4074-8983-23B0DC9FB1CA}.Debug|Any CPU.Build.0 = Debug|Any CPU
		{0FE63316-D2F1-4074-8983-23B0DC9FB1CA}.Debug|x64.ActiveCfg = Debug|Any CPU
		{0FE63316-D2F1-4074-8983-23B0DC9FB1CA}.Debug|x64.Build.0 = Debug|Any CPU
		{0FE63316-D2F1-4074-8983-23B0DC9FB1CA}.Debug|x86.ActiveCfg = Debug|Any CPU
		{0FE63316-D2F1-4074-8983-23B0DC9FB1CA}.Debug|x86.Build.0 = Debug|Any CPU
		{0FE63316-D2F1-4074-8983-23B0DC9FB1CA}.Release|Any CPU.ActiveCfg = Release|Any CPU
		{0FE63316-D2F1-4074-8983-23B0DC9FB1CA}.Release|Any CPU.Build.0 = Release|Any CPU
		{0FE63316-D2F1-4074-8983-23B0DC9FB1CA}.Release|x64.ActiveCfg = Release|Any CPU
		{0FE63316-D2F1-4074-8983-23B0DC9FB1CA}.Release|x64.Build.0 = Release|Any CPU
		{0FE63316-D2F1-4074-8983-23B0DC9FB1CA}.Release|x86.ActiveCfg = Release|Any CPU
		{0FE63316-D2F1-4074-8983-23B0DC9FB1CA}.Release|x86.Build.0 = Release|Any CPU
		{4C63B552-096E-476E-8E6F-A1277D61F822}.Debug|Any CPU.ActiveCfg = Debug|Any CPU
		{4C63B552-096E-476E-8E6F-A1277D61F822}.Debug|Any CPU.Build.0 = Debug|Any CPU
		{4C63B552-096E-476E-8E6F-A1277D61F822}.Debug|x64.ActiveCfg = Debug|Any CPU
		{4C63B552-096E-476E-8E6F-A1277D61F822}.Debug|x64.Build.0 = Debug|Any CPU
		{4C63B552-096E-476E-8E6F-A1277D61F822}.Debug|x86.ActiveCfg = Debug|Any CPU
		{4C63B552-096E-476E-8E6F-A1277D61F822}.Debug|x86.Build.0 = Debug|Any CPU
		{4C63B552-096E-476E-8E6F-A1277D61F822}.Release|Any CPU.ActiveCfg = Release|Any CPU
		{4C63B552-096E-476E-8E6F-A1277D61F822}.Release|Any CPU.Build.0 = Release|Any CPU
		{4C63B552-096E-476E-8E6F-A1277D61F822}.Release|x64.ActiveCfg = Release|Any CPU
		{4C63B552-096E-476E-8E6F-A1277D61F822}.Release|x64.Build.0 = Release|Any CPU
		{4C63B552-096E-476E-8E6F-A1277D61F822}.Release|x86.ActiveCfg = Release|Any CPU
		{4C63B552-096E-476E-8E6F-A1277D61F822}.Release|x86.Build.0 = Release|Any CPU
		{22462DB9-CCE7-4D0A-87E2-FB3E6B25769C}.Debug|Any CPU.ActiveCfg = Debug|Any CPU
		{22462DB9-CCE7-4D0A-87E2-FB3E6B25769C}.Debug|Any CPU.Build.0 = Debug|Any CPU
		{22462DB9-CCE7-4D0A-87E2-FB3E6B25769C}.Debug|x64.ActiveCfg = Debug|Any CPU
		{22462DB9-CCE7-4D0A-87E2-FB3E6B25769C}.Debug|x64.Build.0 = Debug|Any CPU
		{22462DB9-CCE7-4D0A-87E2-FB3E6B25769C}.Debug|x86.ActiveCfg = Debug|Any CPU
		{22462DB9-CCE7-4D0A-87E2-FB3E6B25769C}.Debug|x86.Build.0 = Debug|Any CPU
		{22462DB9-CCE7-4D0A-87E2-FB3E6B25769C}.Release|Any CPU.ActiveCfg = Release|Any CPU
		{22462DB9-CCE7-4D0A-87E2-FB3E6B25769C}.Release|Any CPU.Build.0 = Release|Any CPU
		{22462DB9-CCE7-4D0A-87E2-FB3E6B25769C}.Release|x64.ActiveCfg = Release|Any CPU
		{22462DB9-CCE7-4D0A-87E2-FB3E6B25769C}.Release|x64.Build.0 = Release|Any CPU
		{22462DB9-CCE7-4D0A-87E2-FB3E6B25769C}.Release|x86.ActiveCfg = Release|Any CPU
		{22462DB9-CCE7-4D0A-87E2-FB3E6B25769C}.Release|x86.Build.0 = Release|Any CPU
		{86F339A5-9CD3-42D1-AA6B-046B2957ECA7}.Debug|Any CPU.ActiveCfg = Debug|Any CPU
		{86F339A5-9CD3-42D1-AA6B-046B2957ECA7}.Debug|Any CPU.Build.0 = Debug|Any CPU
		{86F339A5-9CD3-42D1-AA6B-046B2957ECA7}.Debug|x64.ActiveCfg = Debug|Any CPU
		{86F339A5-9CD3-42D1-AA6B-046B2957ECA7}.Debug|x64.Build.0 = Debug|Any CPU
		{86F339A5-9CD3-42D1-AA6B-046B2957ECA7}.Debug|x86.ActiveCfg = Debug|Any CPU
		{86F339A5-9CD3-42D1-AA6B-046B2957ECA7}.Debug|x86.Build.0 = Debug|Any CPU
		{86F339A5-9CD3-42D1-AA6B-046B2957ECA7}.Release|Any CPU.ActiveCfg = Release|Any CPU
		{86F339A5-9CD3-42D1-AA6B-046B2957ECA7}.Release|Any CPU.Build.0 = Release|Any CPU
		{86F339A5-9CD3-42D1-AA6B-046B2957ECA7}.Release|x64.ActiveCfg = Release|Any CPU
		{86F339A5-9CD3-42D1-AA6B-046B2957ECA7}.Release|x64.Build.0 = Release|Any CPU
		{86F339A5-9CD3-42D1-AA6B-046B2957ECA7}.Release|x86.ActiveCfg = Release|Any CPU
		{86F339A5-9CD3-42D1-AA6B-046B2957ECA7}.Release|x86.Build.0 = Release|Any CPU
	EndGlobalSection
	GlobalSection(SolutionProperties) = preSolution
		HideSolutionNode = FALSE
	EndGlobalSection
	GlobalSection(NestedProjects) = preSolution
		{950E59F5-6252-5C5B-DFC0-92898BCC27D3} = {02EA681E-C7D8-13C7-8484-4AC65E1B71E8}
		{CD07428A-64CE-4EBF-B563-E01575656F4D} = {02EA681E-C7D8-13C7-8484-4AC65E1B71E8}
		{856C7B1C-D739-4E2D-B3FB-11DE258253E4} = {02EA681E-C7D8-13C7-8484-4AC65E1B71E8}
		{F01949F2-0A69-4621-B593-8BBC1ABC7C85} = {7AC2D55A-046A-4A5E-B191-CC9D586BCFFE}
		{35BC1417-417C-4EBD-9884-089ED08B0350} = {F01949F2-0A69-4621-B593-8BBC1ABC7C85}
		{EE693C5C-76E8-48F4-A306-49533ECF13F0} = {F01949F2-0A69-4621-B593-8BBC1ABC7C85}
		{AE3B4D25-5F3D-4CA0-9A3C-5F3364ED8E25} = {F01949F2-0A69-4621-B593-8BBC1ABC7C85}
		{B420475F-90AA-A9C6-B72C-BA606CCB6829} = {7AC2D55A-046A-4A5E-B191-CC9D586BCFFE}
		{0FE63316-D2F1-4074-8983-23B0DC9FB1CA} = {B420475F-90AA-A9C6-B72C-BA606CCB6829}
		{4C63B552-096E-476E-8E6F-A1277D61F822} = {5D20AA90-6969-D8BD-9DCD-8634F4692FDA}
		{22462DB9-CCE7-4D0A-87E2-FB3E6B25769C} = {5D20AA90-6969-D8BD-9DCD-8634F4692FDA}
		{86F339A5-9CD3-42D1-AA6B-046B2957ECA7} = {5D20AA90-6969-D8BD-9DCD-8634F4692FDA}
	EndGlobalSection
	GlobalSection(ExtensibilityGlobals) = postSolution
		SolutionGuid = {525AF73A-E4AF-43DF-89F3-CB0520EEE446}
	EndGlobalSection
EndGlobal
